// !$*UTF8*$!
{
	archiveVersion = 1;
	classes = {
	};
	objectVersion = 46;
	objects = {

/* Begin PBXBuildFile section */
		8BEAE8EB1CEE0E2F003CAB1F /* main.m in Sources */ = {isa = PBXBuildFile; fileRef = 8BEAE8EA1CEE0E2F003CAB1F /* main.m */; };
		8BEAE8EE1CEE0E2F003CAB1F /* AppDelegate.m in Sources */ = {isa = PBXBuildFile; fileRef = 8BEAE8ED1CEE0E2F003CAB1F /* AppDelegate.m */; };
		8BEAE8F11CEE0E2F003CAB1F /* ViewController.m in Sources */ = {isa = PBXBuildFile; fileRef = 8BEAE8F01CEE0E2F003CAB1F /* ViewController.m */; };
		8BEAE8F41CEE0E2F003CAB1F /* Main.storyboard in Resources */ = {isa = PBXBuildFile; fileRef = 8BEAE8F21CEE0E2F003CAB1F /* Main.storyboard */; };
		8BEAE8F61CEE0E2F003CAB1F /* Assets.xcassets in Resources */ = {isa = PBXBuildFile; fileRef = 8BEAE8F51CEE0E2F003CAB1F /* Assets.xcassets */; };
		8BEAE8F91CEE0E2F003CAB1F /* LaunchScreen.storyboard in Resources */ = {isa = PBXBuildFile; fileRef = 8BEAE8F71CEE0E2F003CAB1F /* LaunchScreen.storyboard */; };
		8BEAE9041CEE0E2F003CAB1F /* Runtime__PerformSelector2Tests.m in Sources */ = {isa = PBXBuildFile; fileRef = 8BEAE9031CEE0E2F003CAB1F /* Runtime__PerformSelector2Tests.m */; };
		8BEAE90F1CEE0E2F003CAB1F /* Runtime__PerformSelector2UITests.m in Sources */ = {isa = PBXBuildFile; fileRef = 8BEAE90E1CEE0E2F003CAB1F /* Runtime__PerformSelector2UITests.m */; };
		8BEAE91E1CEE0E87003CAB1F /* Person.m in Sources */ = {isa = PBXBuildFile; fileRef = 8BEAE91D1CEE0E87003CAB1F /* Person.m */; };
/* End PBXBuildFile section */

/* Begin PBXContainerItemProxy section */
		8BEAE9001CEE0E2F003CAB1F /* PBXContainerItemProxy */ = {
			isa = PBXContainerItemProxy;
			containerPortal = 8BEAE8DE1CEE0E2F003CAB1F /* Project object */;
			proxyType = 1;
			remoteGlobalIDString = 8BEAE8E51CEE0E2F003CAB1F;
			remoteInfo = "Runtime_ PerformSelector2";
		};
		8BEAE90B1CEE0E2F003CAB1F /* PBXContainerItemProxy */ = {
			isa = PBXContainerItemProxy;
			containerPortal = 8BEAE8DE1CEE0E2F003CAB1F /* Project object */;
			proxyType = 1;
			remoteGlobalIDString = 8BEAE8E51CEE0E2F003CAB1F;
			remoteInfo = "Runtime_ PerformSelector2";
		};
/* End PBXContainerItemProxy section */

/* Begin PBXFileReference section */
		8BEAE8E61CEE0E2F003CAB1F /* Runtime_ PerformSelector2.app */ = {isa = PBXFileReference; explicitFileType = wrapper.application; includeInIndex = 0; path = "Runtime_ PerformSelector2.app"; sourceTree = BUILT_PRODUCTS_DIR; };
		8BEAE8EA1CEE0E2F003CAB1F /* main.m */ = {isa = PBXFileReference; lastKnownFileType = sourcecode.c.objc; path = main.m; sourceTree = "<group>"; };
		8BEAE8EC1CEE0E2F003CAB1F /* AppDelegate.h */ = {isa = PBXFileReference; lastKnownFileType = sourcecode.c.h; path = AppDelegate.h; sourceTree = "<group>"; };
		8BEAE8ED1CEE0E2F003CAB1F /* AppDelegate.m */ = {isa = PBXFileReference; lastKnownFileType = sourcecode.c.objc; path = AppDelegate.m; sourceTree = "<group>"; };
		8BEAE8EF1CEE0E2F003CAB1F /* ViewController.h */ = {isa = PBXFileReference; lastKnownFileType = sourcecode.c.h; path = ViewController.h; sourceTree = "<group>"; };
		8BEAE8F01CEE0E2F003CAB1F /* ViewController.m */ = {isa = PBXFileReference; lastKnownFileType = sourcecode.c.objc; path = ViewController.m; sourceTree = "<group>"; };
		8BEAE8F31CEE0E2F003CAB1F /* Base */ = {isa = PBXFileReference; lastKnownFileType = file.storyboard; name = Base; path = Base.lproj/Main.storyboard; sourceTree = "<group>"; };
		8BEAE8F51CEE0E2F003CAB1F /* Assets.xcassets */ = {isa = PBXFileReference; lastKnownFileType = folder.assetcatalog; path = Assets.xcassets; sourceTree = "<group>"; };
		8BEAE8F81CEE0E2F003CAB1F /* Base */ = {isa = PBXFileReference; lastKnownFileType = file.storyboard; name = Base; path = Base.lproj/LaunchScreen.storyboard; sourceTree = "<group>"; };
		8BEAE8FA1CEE0E2F003CAB1F /* Info.plist */ = {isa = PBXFileReference; lastKnownFileType = text.plist.xml; path = Info.plist; sourceTree = "<group>"; };
		8BEAE8FF1CEE0E2F003CAB1F /* Runtime_ PerformSelector2Tests.xctest */ = {isa = PBXFileReference; explicitFileType = wrapper.cfbundle; includeInIndex = 0; path = "Runtime_ PerformSelector2Tests.xctest"; sourceTree = BUILT_PRODUCTS_DIR; };
		8BEAE9031CEE0E2F003CAB1F /* Runtime__PerformSelector2Tests.m */ = {isa = PBXFileReference; lastKnownFileType = sourcecode.c.objc; path = Runtime__PerformSelector2Tests.m; sourceTree = "<group>"; };
		8BEAE9051CEE0E2F003CAB1F /* Info.plist */ = {isa = PBXFileReference; lastKnownFileType = text.plist.xml; path = Info.plist; sourceTree = "<group>"; };
		8BEAE90A1CEE0E2F003CAB1F /* Runtime_ PerformSelector2UITests.xctest */ = {isa = PBXFileReference; explicitFileType = wrapper.cfbundle; includeInIndex = 0; path = "Runtime_ PerformSelector2UITests.xctest"; sourceTree = BUILT_PRODUCTS_DIR; };
		8BEAE90E1CEE0E2F003CAB1F /* Runtime__PerformSelector2UITests.m */ = {isa = PBXFileReference; lastKnownFileType = sourcecode.c.objc; path = Runtime__PerformSelector2UITests.m; sourceTree = "<group>"; };
		8BEAE9101CEE0E2F003CAB1F /* Info.plist */ = {isa = PBXFileReference; lastKnownFileType = text.plist.xml; path = Info.plist; sourceTree = "<group>"; };
		8BEAE91C1CEE0E87003CAB1F /* Person.h */ = {isa = PBXFileReference; fileEncoding = 4; lastKnownFileType = sourcecode.c.h; path = Person.h; sourceTree = "<group>"; };
		8BEAE91D1CEE0E87003CAB1F /* Person.m */ = {isa = PBXFileReference; fileEncoding = 4; lastKnownFileType = sourcecode.c.objc; path = Person.m; sourceTree = "<group>"; };
/* End PBXFileReference section */

/* Begin PBXFrameworksBuildPhase section */
		8BEAE8E31CEE0E2F003CAB1F /* Frameworks */ = {
			isa = PBXFrameworksBuildPhase;
			buildActionMask = 2147483647;
			files = (
			);
			runOnlyForDeploymentPostprocessing = 0;
		};
		8BEAE8FC1CEE0E2F003CAB1F /* Frameworks */ = {
			isa = PBXFrameworksBuildPhase;
			buildActionMask = 2147483647;
			files = (
			);
			runOnlyForDeploymentPostprocessing = 0;
		};
		8BEAE9071CEE0E2F003CAB1F /* Frameworks */ = {
			isa = PBXFrameworksBuildPhase;
			buildActionMask = 2147483647;
			files = (
			);
			runOnlyForDeploymentPostprocessing = 0;
		};
/* End PBXFrameworksBuildPhase section */

/* Begin PBXGroup section */
		8BEAE8DD1CEE0E2F003CAB1F = {
			isa = PBXGroup;
			children = (
				8BEAE8E81CEE0E2F003CAB1F /* Runtime_ PerformSelector2 */,
				8BEAE9021CEE0E2F003CAB1F /* Runtime_ PerformSelector2Tests */,
				8BEAE90D1CEE0E2F003CAB1F /* Runtime_ PerformSelector2UITests */,
				8BEAE8E71CEE0E2F003CAB1F /* Products */,
			);
			sourceTree = "<group>";
		};
		8BEAE8E71CEE0E2F003CAB1F /* Products */ = {
			isa = PBXGroup;
			children = (
				8BEAE8E61CEE0E2F003CAB1F /* Runtime_ PerformSelector2.app */,
				8BEAE8FF1CEE0E2F003CAB1F /* Runtime_ PerformSelector2Tests.xctest */,
				8BEAE90A1CEE0E2F003CAB1F /* Runtime_ PerformSelector2UITests.xctest */,
			);
			name = Products;
			sourceTree = "<group>";
		};
		8BEAE8E81CEE0E2F003CAB1F /* Runtime_ PerformSelector2 */ = {
			isa = PBXGroup;
			children = (
				8BEAE8EC1CEE0E2F003CAB1F /* AppDelegate.h */,
				8BEAE8ED1CEE0E2F003CAB1F /* AppDelegate.m */,
				8BEAE91C1CEE0E87003CAB1F /* Person.h */,
				8BEAE91D1CEE0E87003CAB1F /* Person.m */,
				8BEAE8EF1CEE0E2F003CAB1F /* ViewController.h */,
				8BEAE8F01CEE0E2F003CAB1F /* ViewController.m */,
				8BEAE8F21CEE0E2F003CAB1F /* Main.storyboard */,
				8BEAE8F51CEE0E2F003CAB1F /* Assets.xcassets */,
				8BEAE8F71CEE0E2F003CAB1F /* LaunchScreen.storyboard */,
				8BEAE8FA1CEE0E2F003CAB1F /* Info.plist */,
				8BEAE8E91CEE0E2F003CAB1F /* Supporting Files */,
			);
			path = "Runtime_ PerformSelector2";
			sourceTree = "<group>";
		};
		8BEAE8E91CEE0E2F003CAB1F /* Supporting Files */ = {
			isa = PBXGroup;
			children = (
				8BEAE8EA1CEE0E2F003CAB1F /* main.m */,
			);
			name = "Supporting Files";
			sourceTree = "<group>";
		};
		8BEAE9021CEE0E2F003CAB1F /* Runtime_ PerformSelector2Tests */ = {
			isa = PBXGroup;
			children = (
				8BEAE9031CEE0E2F003CAB1F /* Runtime__PerformSelector2Tests.m */,
				8BEAE9051CEE0E2F003CAB1F /* Info.plist */,
			);
			path = "Runtime_ PerformSelector2Tests";
			sourceTree = "<group>";
		};
		8BEAE90D1CEE0E2F003CAB1F /* Runtime_ PerformSelector2UITests */ = {
			isa = PBXGroup;
			children = (
				8BEAE90E1CEE0E2F003CAB1F /* Runtime__PerformSelector2UITests.m */,
				8BEAE9101CEE0E2F003CAB1F /* Info.plist */,
			);
			path = "Runtime_ PerformSelector2UITests";
			sourceTree = "<group>";
		};
/* End PBXGroup section */

/* Begin PBXNativeTarget section */
		8BEAE8E51CEE0E2F003CAB1F /* Runtime_ PerformSelector2 */ = {
			isa = PBXNativeTarget;
			buildConfigurationList = 8BEAE9131CEE0E2F003CAB1F /* Build configuration list for PBXNativeTarget "Runtime_ PerformSelector2" */;
			buildPhases = (
				8BEAE8E21CEE0E2F003CAB1F /* Sources */,
				8BEAE8E31CEE0E2F003CAB1F /* Frameworks */,
				8BEAE8E41CEE0E2F003CAB1F /* Resources */,
			);
			buildRules = (
			);
			dependencies = (
			);
			name = "Runtime_ PerformSelector2";
			productName = "Runtime_ PerformSelector2";
			productReference = 8BEAE8E61CEE0E2F003CAB1F /* Runtime_ PerformSelector2.app */;
			productType = "com.apple.product-type.application";
		};
		8BEAE8FE1CEE0E2F003CAB1F /* Runtime_ PerformSelector2Tests */ = {
			isa = PBXNativeTarget;
			buildConfigurationList = 8BEAE9161CEE0E2F003CAB1F /* Build configuration list for PBXNativeTarget "Runtime_ PerformSelector2Tests" */;
			buildPhases = (
				8BEAE8FB1CEE0E2F003CAB1F /* Sources */,
				8BEAE8FC1CEE0E2F003CAB1F /* Frameworks */,
				8BEAE8FD1CEE0E2F003CAB1F /* Resources */,
			);
			buildRules = (
			);
			dependencies = (
				8BEAE9011CEE0E2F003CAB1F /* PBXTargetDependency */,
			);
			name = "Runtime_ PerformSelector2Tests";
			productName = "Runtime_ PerformSelector2Tests";
			productReference = 8BEAE8FF1CEE0E2F003CAB1F /* Runtime_ PerformSelector2Tests.xctest */;
			productType = "com.apple.product-type.bundle.unit-test";
		};
		8BEAE9091CEE0E2F003CAB1F /* Runtime_ PerformSelector2UITests */ = {
			isa = PBXNativeTarget;
			buildConfigurationList = 8BEAE9191CEE0E2F003CAB1F /* Build configuration list for PBXNativeTarget "Runtime_ PerformSelector2UITests" */;
			buildPhases = (
				8BEAE9061CEE0E2F003CAB1F /* Sources */,
				8BEAE9071CEE0E2F003CAB1F /* Frameworks */,
				8BEAE9081CEE0E2F003CAB1F /* Resources */,
			);
			buildRules = (
			);
			dependencies = (
				8BEAE90C1CEE0E2F003CAB1F /* PBXTargetDependency */,
			);
			name = "Runtime_ PerformSelector2UITests";
			productName = "Runtime_ PerformSelector2UITests";
			productReference = 8BEAE90A1CEE0E2F003CAB1F /* Runtime_ PerformSelector2UITests.xctest */;
			productType = "com.apple.product-type.bundle.ui-testing";
		};
/* End PBXNativeTarget section */

/* Begin PBXProject section */
		8BEAE8DE1CEE0E2F003CAB1F /* Project object */ = {
			isa = PBXProject;
			attributes = {
				LastUpgradeCheck = 0730;
				ORGANIZATIONNAME = lauren;
				TargetAttributes = {
					8BEAE8E51CEE0E2F003CAB1F = {
						CreatedOnToolsVersion = 7.3.1;
					};
					8BEAE8FE1CEE0E2F003CAB1F = {
						CreatedOnToolsVersion = 7.3.1;
						TestTargetID = 8BEAE8E51CEE0E2F003CAB1F;
					};
					8BEAE9091CEE0E2F003CAB1F = {
						CreatedOnToolsVersion = 7.3.1;
						TestTargetID = 8BEAE8E51CEE0E2F003CAB1F;
					};
				};
			};
			buildConfigurationList = 8BEAE8E11CEE0E2F003CAB1F /* Build configuration list for PBXProject "Runtime_ PerformSelector2" */;
			compatibilityVersion = "Xcode 3.2";
			developmentRegion = English;
			hasScannedForEncodings = 0;
			knownRegions = (
				en,
				Base,
			);
			mainGroup = 8BEAE8DD1CEE0E2F003CAB1F;
			productRefGroup = 8BEAE8E71CEE0E2F003CAB1F /* Products */;
			projectDirPath = "";
			projectRoot = "";
			targets = (
				8BEAE8E51CEE0E2F003CAB1F /* Runtime_ PerformSelector2 */,
				8BEAE8FE1CEE0E2F003CAB1F /* Runtime_ PerformSelector2Tests */,
				8BEAE9091CEE0E2F003CAB1F /* Runtime_ PerformSelector2UITests */,
			);
		};
/* End PBXProject section */

/* Begin PBXResourcesBuildPhase section */
		8BEAE8E41CEE0E2F003CAB1F /* Resources */ = {
			isa = PBXResourcesBuildPhase;
			buildActionMask = 2147483647;
			files = (
				8BEAE8F91CEE0E2F003CAB1F /* LaunchScreen.storyboard in Resources */,
				8BEAE8F61CEE0E2F003CAB1F /* Assets.xcassets in Resources */,
				8BEAE8F41CEE0E2F003CAB1F /* Main.storyboard in Resources */,
			);
			runOnlyForDeploymentPostprocessing = 0;
		};
		8BEAE8FD1CEE0E2F003CAB1F /* Resources */ = {
			isa = PBXResourcesBuildPhase;
			buildActionMask = 2147483647;
			files = (
			);
			runOnlyForDeploymentPostprocessing = 0;
		};
		8BEAE9081CEE0E2F003CAB1F /* Resources */ = {
			isa = PBXResourcesBuildPhase;
			buildActionMask = 2147483647;
			files = (
			);
			runOnlyForDeploymentPostprocessing = 0;
		};
/* End PBXResourcesBuildPhase section */

/* Begin PBXSourcesBuildPhase section */
		8BEAE8E21CEE0E2F003CAB1F /* Sources */ = {
			isa = PBXSourcesBuildPhase;
			buildActionMask = 2147483647;
			files = (
				8BEAE8F11CEE0E2F003CAB1F /* ViewController.m in Sources */,
				8BEAE8EE1CEE0E2F003CAB1F /* AppDelegate.m in Sources */,
				8BEAE91E1CEE0E87003CAB1F /* Person.m in Sources */,
				8BEAE8EB1CEE0E2F003CAB1F /* main.m in Sources */,
			);
			runOnlyForDeploymentPostprocessing = 0;
		};
		8BEAE8FB1CEE0E2F003CAB1F /* Sources */ = {
			isa = PBXSourcesBuildPhase;
			buildActionMask = 2147483647;
			files = (
				8BEAE9041CEE0E2F003CAB1F /* Runtime__PerformSelector2Tests.m in Sources */,
			);
			runOnlyForDeploymentPostprocessing = 0;
		};
		8BEAE9061CEE0E2F003CAB1F /* Sources */ = {
			isa = PBXSourcesBuildPhase;
			buildActionMask = 2147483647;
			files = (
				8BEAE90F1CEE0E2F003CAB1F /* Runtime__PerformSelector2UITests.m in Sources */,
			);
			runOnlyForDeploymentPostprocessing = 0;
		};
/* End PBXSourcesBuildPhase section */

/* Begin PBXTargetDependency section */
		8BEAE9011CEE0E2F003CAB1F /* PBXTargetDependency */ = {
			isa = PBXTargetDependency;
			target = 8BEAE8E51CEE0E2F003CAB1F /* Runtime_ PerformSelector2 */;
			targetProxy = 8BEAE9001CEE0E2F003CAB1F /* PBXContainerItemProxy */;
		};
		8BEAE90C1CEE0E2F003CAB1F /* PBXTargetDependency */ = {
			isa = PBXTargetDependency;
			target = 8BEAE8E51CEE0E2F003CAB1F /* Runtime_ PerformSelector2 */;
			targetProxy = 8BEAE90B1CEE0E2F003CAB1F /* PBXContainerItemProxy */;
		};
/* End PBXTargetDependency section */

/* Begin PBXVariantGroup section */
		8BEAE8F21CEE0E2F003CAB1F /* Main.storyboard */ = {
			isa = PBXVariantGroup;
			children = (
				8BEAE8F31CEE0E2F003CAB1F /* Base */,
			);
			name = Main.storyboard;
			sourceTree = "<group>";
		};
		8BEAE8F71CEE0E2F003CAB1F /* LaunchScreen.storyboard */ = {
			isa = PBXVariantGroup;
			children = (
				8BEAE8F81CEE0E2F003CAB1F /* Base */,
			);
			name = LaunchScreen.storyboard;
			sourceTree = "<group>";
		};
/* End PBXVariantGroup section */

/* Begin XCBuildConfiguration section */
		8BEAE9111CEE0E2F003CAB1F /* Debug */ = {
			isa = XCBuildConfiguration;
			buildSettings = {
				ALWAYS_SEARCH_USER_PATHS = NO;
				CLANG_ANALYZER_NONNULL = YES;
				CLANG_CXX_LANGUAGE_STANDARD = "gnu++0x";
				CLANG_CXX_LIBRARY = "libc++";
				CLANG_ENABLE_MODULES = YES;
				CLANG_ENABLE_OBJC_ARC = YES;
				CLANG_WARN_BOOL_CONVERSION = YES;
				CLANG_WARN_CONSTANT_CONVERSION = YES;
				CLANG_WARN_DIRECT_OBJC_ISA_USAGE = YES_ERROR;
				CLANG_WARN_EMPTY_BODY = YES;
				CLANG_WARN_ENUM_CONVERSION = YES;
				CLANG_WARN_INT_CONVERSION = YES;
				CLANG_WARN_OBJC_ROOT_CLASS = YES_ERROR;
				CLANG_WARN_UNREACHABLE_CODE = YES;
				CLANG_WARN__DUPLICATE_METHOD_MATCH = YES;
				"CODE_SIGN_IDENTITY[sdk=iphoneos*]" = "iPhone Developer";
				COPY_PHASE_STRIP = NO;
				DEBUG_INFORMATION_FORMAT = dwarf;
				ENABLE_STRICT_OBJC_MSGSEND = YES;
				ENABLE_TESTABILITY = YES;
				GCC_C_LANGUAGE_STANDARD = gnu99;
				GCC_DYNAMIC_NO_PIC = NO;
				GCC_NO_COMMON_BLOCKS = YES;
				GCC_OPTIMIZATION_LEVEL = 0;
				GCC_PREPROCESSOR_DEFINITIONS = (
					"DEBUG=1",
					"$(inherited)",
				);
				GCC_WARN_64_TO_32_BIT_CONVERSION = YES;
				GCC_WARN_ABOUT_RETURN_TYPE = YES_ERROR;
				GCC_WARN_UNDECLARED_SELECTOR = YES;
				GCC_WARN_UNINITIALIZED_AUTOS = YES_AGGRESSIVE;
				GCC_WARN_UNUSED_FUNCTION = YES;
				GCC_WARN_UNUSED_VARIABLE = YES;
				IPHONEOS_DEPLOYMENT_TARGET = 9.3;
				MTL_ENABLE_DEBUG_INFO = YES;
				ONLY_ACTIVE_ARCH = YES;
				SDKROOT = iphoneos;
				TARGETED_DEVICE_FAMILY = "1,2";
			};
			name = Debug;
		};
		8BEAE9121CEE0E2F003CAB1F /* Release */ = {
			isa = XCBuildConfiguration;
			buildSettings = {
				ALWAYS_SEARCH_USER_PATHS = NO;
				CLANG_ANALYZER_NONNULL = YES;
				CLANG_CXX_LANGUAGE_STANDARD = "gnu++0x";
				CLANG_CXX_LIBRARY = "libc++";
				CLANG_ENABLE_MODULES = YES;
				CLANG_ENABLE_OBJC_ARC = YES;
				CLANG_WARN_BOOL_CONVERSION = YES;
				CLANG_WARN_CONSTANT_CONVERSION = YES;
				CLANG_WARN_DIRECT_OBJC_ISA_USAGE = YES_ERROR;
				CLANG_WARN_EMPTY_BODY = YES;
				CLANG_WARN_ENUM_CONVERSION = YES;
				CLANG_WARN_INT_CONVERSION = YES;
				CLANG_WARN_OBJC_ROOT_CLASS = YES_ERROR;
				CLANG_WARN_UNREACHABLE_CODE = YES;
				CLANG_WARN__DUPLICATE_METHOD_MATCH = YES;
				"CODE_SIGN_IDENTITY[sdk=iphoneos*]" = "iPhone Developer";
				COPY_PHASE_STRIP = NO;
				DEBUG_INFORMATION_FORMAT = "dwarf-with-dsym";
				ENABLE_NS_ASSERTIONS = NO;
				ENABLE_STRICT_OBJC_MSGSEND = YES;
				GCC_C_LANGUAGE_STANDARD = gnu99;
				GCC_NO_COMMON_BLOCKS = YES;
				GCC_WARN_64_TO_32_BIT_CONVERSION = YES;
				GCC_WARN_ABOUT_RETURN_TYPE = YES_ERROR;
				GCC_WARN_UNDECLARED_SELECTOR = YES;
				GCC_WARN_UNINITIALIZED_AUTOS = YES_AGGRESSIVE;
				GCC_WARN_UNUSED_FUNCTION = YES;
				GCC_WARN_UNUSED_VARIABLE = YES;
				IPHONEOS_DEPLOYMENT_TARGET = 9.3;
				MTL_ENABLE_DEBUG_INFO = NO;
				SDKROOT = iphoneos;
				TARGETED_DEVICE_FAMILY = "1,2";
				VALIDATE_PRODUCT = YES;
			};
			name = Release;
		};
		8BEAE9141CEE0E2F003CAB1F /* Debug */ = {
			isa = XCBuildConfiguration;
			buildSettings = {
				ASSETCATALOG_COMPILER_APPICON_NAME = AppIcon;
				INFOPLIST_FILE = "Runtime_ PerformSelector2/Info.plist";
				LD_RUNPATH_SEARCH_PATHS = "$(inherited) @executable_path/Frameworks";
				PRODUCT_BUNDLE_IDENTIFIER = "com.lauren.Runtime--PerformSelector2";
				PRODUCT_NAME = "$(TARGET_NAME)";
			};
			name = Debug;
		};
		8BEAE9151CEE0E2F003CAB1F /* Release */ = {
			isa = XCBuildConfiguration;
			buildSettings = {
				ASSETCATALOG_COMPILER_APPICON_NAME = AppIcon;
				INFOPLIST_FILE = "Runtime_ PerformSelector2/Info.plist";
				LD_RUNPATH_SEARCH_PATHS = "$(inherited) @executable_path/Frameworks";
				PRODUCT_BUNDLE_IDENTIFIER = "com.lauren.Runtime--PerformSelector2";
				PRODUCT_NAME = "$(TARGET_NAME)";
			};
			name = Release;
		};
		8BEAE9171CEE0E2F003CAB1F /* Debug */ = {
			isa = XCBuildConfiguration;
			buildSettings = {
				BUNDLE_LOADER = "$(TEST_HOST)";
				INFOPLIST_FILE = "Runtime_ PerformSelector2Tests/Info.plist";
				LD_RUNPATH_SEARCH_PATHS = "$(inherited) @executable_path/Frameworks @loader_path/Frameworks";
				PRODUCT_BUNDLE_IDENTIFIER = "com.lauren.Runtime--PerformSelector2Tests";
				PRODUCT_NAME = "$(TARGET_NAME)";
				TEST_HOST = "$(BUILT_PRODUCTS_DIR)/Runtime_ PerformSelector2.app/Runtime_ PerformSelector2";
			};
			name = Debug;
		};
		8BEAE9181CEE0E2F003CAB1F /* Release */ = {
			isa = XCBuildConfiguration;
			buildSettings = {
				BUNDLE_LOADER = "$(TEST_HOST)";
				INFOPLIST_FILE = "Runtime_ PerformSelector2Tests/Info.plist";
				LD_RUNPATH_SEARCH_PATHS = "$(inherited) @executable_path/Frameworks @loader_path/Frameworks";
				PRODUCT_BUNDLE_IDENTIFIER = "com.lauren.Runtime--PerformSelector2Tests";
				PRODUCT_NAME = "$(TARGET_NAME)";
				TEST_HOST = "$(BUILT_PRODUCTS_DIR)/Runtime_ PerformSelector2.app/Runtime_ PerformSelector2";
			};
			name = Release;
		};
		8BEAE91A1CEE0E2F003CAB1F /* Debug */ = {
			isa = XCBuildConfiguration;
			buildSettings = {
				INFOPLIST_FILE = "Runtime_ PerformSelector2UITests/Info.plist";
				LD_RUNPATH_SEARCH_PATHS = "$(inherited) @executable_path/Frameworks @loader_path/Frameworks";
				PRODUCT_BUNDLE_IDENTIFIER = "com.lauren.Runtime--PerformSelector2UITests";
				PRODUCT_NAME = "$(TARGET_NAME)";
				TEST_TARGET_NAME = "Runtime_ PerformSelector2";
			};
			name = Debug;
		};
		8BEAE91B1CEE0E2F003CAB1F /* Release */ = {
			isa = XCBuildConfiguration;
			buildSettings = {
				INFOPLIST_FILE = "Runtime_ PerformSelector2UITests/Info.plist";
				LD_RUNPATH_SEARCH_PATHS = "$(inherited) @executable_path/Frameworks @loader_path/Frameworks";
				PRODUCT_BUNDLE_IDENTIFIER = "com.lauren.Runtime--PerformSelector2UITests";
				PRODUCT_NAME = "$(TARGET_NAME)";
				TEST_TARGET_NAME = "Runtime_ PerformSelector2";
			};
			name = Release;
		};
/* End XCBuildConfiguration section */

/* Begin XCConfigurationList section */
		8BEAE8E11CEE0E2F003CAB1F /* Build configuration list for PBXProject "Runtime_ PerformSelector2" */ = {
			isa = XCConfigurationList;
			buildConfigurations = (
				8BEAE9111CEE0E2F003CAB1F /* Debug */,
				8BEAE9121CEE0E2F003CAB1F /* Release */,
			);
			defaultConfigurationIsVisible = 0;
			defaultConfigurationName = Release;
		};
		8BEAE9131CEE0E2F003CAB1F /* Build configuration list for PBXNativeTarget "Runtime_ PerformSelector2" */ = {
			isa = XCConfigurationList;
			buildConfigurations = (
				8BEAE9141CEE0E2F003CAB1F /* Debug */,
				8BEAE9151CEE0E2F003CAB1F /* Release */,
			);
			defaultConfigurationIsVisible = 0;
		};
		8BEAE9161CEE0E2F003CAB1F /* Build configuration list for PBXNativeTarget "Runtime_ PerformSelector2Tests" */ = {
			isa = XCConfigurationList;
			buildConfigurations = (
				8BEAE9171CEE0E2F003CAB1F /* Debug */,
				8BEAE9181CEE0E2F003CAB1F /* Release */,
			);
			defaultConfigurationIsVisible = 0;
		};
		8BEAE9191CEE0E2F003CAB1F /* Build configuration list for PBXNativeTarget "Runtime_ PerformSelector2UITests" */ = {
			isa = XCConfigurationList;
			buildConfigurations = (
				8BEAE91A1CEE0E2F003CAB1F /* Debug */,
				8BEAE91B1CEE0E2F003CAB1F /* Release */,
			);
			defaultConfigurationIsVisible = 0;
		};
/* End XCConfigurationList section */
	};
	rootObject = 8BEAE8DE1CEE0E2F003CAB1F /* Project object */;
}
