// !$*UTF8*$!
{
	archiveVersion = 1;
	classes = {
	};
	objectVersion = 46;
	objects = {

/* Begin PBXBuildFile section */
		899C21D31CEB02E700DB02AF /* main.m in Sources */ = {isa = PBXBuildFile; fileRef = 899C21D21CEB02E700DB02AF /* main.m */; };
		899C21D61CEB02E700DB02AF /* AppDelegate.m in Sources */ = {isa = PBXBuildFile; fileRef = 899C21D51CEB02E700DB02AF /* AppDelegate.m */; };
		899C21D91CEB02E700DB02AF /* ViewController.m in Sources */ = {isa = PBXBuildFile; fileRef = 899C21D81CEB02E700DB02AF /* ViewController.m */; };
		899C21DC1CEB02E700DB02AF /* Main.storyboard in Resources */ = {isa = PBXBuildFile; fileRef = 899C21DA1CEB02E700DB02AF /* Main.storyboard */; };
		899C21DE1CEB02E700DB02AF /* Assets.xcassets in Resources */ = {isa = PBXBuildFile; fileRef = 899C21DD1CEB02E700DB02AF /* Assets.xcassets */; };
		899C21E11CEB02E700DB02AF /* LaunchScreen.storyboard in Resources */ = {isa = PBXBuildFile; fileRef = 899C21DF1CEB02E700DB02AF /* LaunchScreen.storyboard */; };
		899C21EC1CEB02E700DB02AF /* Runtime__PerformSelectorTests.m in Sources */ = {isa = PBXBuildFile; fileRef = 899C21EB1CEB02E700DB02AF /* Runtime__PerformSelectorTests.m */; };
		899C21F71CEB02E700DB02AF /* Runtime__PerformSelectorUITests.m in Sources */ = {isa = PBXBuildFile; fileRef = 899C21F61CEB02E700DB02AF /* Runtime__PerformSelectorUITests.m */; };
		899C22071CEB030800DB02AF /* Person.m in Sources */ = {isa = PBXBuildFile; fileRef = 899C22061CEB030800DB02AF /* Person.m */; };
/* End PBXBuildFile section */

/* Begin PBXContainerItemProxy section */
		899C21E81CEB02E700DB02AF /* PBXContainerItemProxy */ = {
			isa = PBXContainerItemProxy;
			containerPortal = 899C21C61CEB02E700DB02AF /* Project object */;
			proxyType = 1;
			remoteGlobalIDString = 899C21CD1CEB02E700DB02AF;
			remoteInfo = "Runtime_ PerformSelector";
		};
		899C21F31CEB02E700DB02AF /* PBXContainerItemProxy */ = {
			isa = PBXContainerItemProxy;
			containerPortal = 899C21C61CEB02E700DB02AF /* Project object */;
			proxyType = 1;
			remoteGlobalIDString = 899C21CD1CEB02E700DB02AF;
			remoteInfo = "Runtime_ PerformSelector";
		};
/* End PBXContainerItemProxy section */

/* Begin PBXFileReference section */
		899C21CE1CEB02E700DB02AF /* Runtime_ PerformSelector.app */ = {isa = PBXFileReference; explicitFileType = wrapper.application; includeInIndex = 0; path = "Runtime_ PerformSelector.app"; sourceTree = BUILT_PRODUCTS_DIR; };
		899C21D21CEB02E700DB02AF /* main.m */ = {isa = PBXFileReference; lastKnownFileType = sourcecode.c.objc; path = main.m; sourceTree = "<group>"; };
		899C21D41CEB02E700DB02AF /* AppDelegate.h */ = {isa = PBXFileReference; lastKnownFileType = sourcecode.c.h; path = AppDelegate.h; sourceTree = "<group>"; };
		899C21D51CEB02E700DB02AF /* AppDelegate.m */ = {isa = PBXFileReference; lastKnownFileType = sourcecode.c.objc; path = AppDelegate.m; sourceTree = "<group>"; };
		899C21D71CEB02E700DB02AF /* ViewController.h */ = {isa = PBXFileReference; lastKnownFileType = sourcecode.c.h; path = ViewController.h; sourceTree = "<group>"; };
		899C21D81CEB02E700DB02AF /* ViewController.m */ = {isa = PBXFileReference; lastKnownFileType = sourcecode.c.objc; path = ViewController.m; sourceTree = "<group>"; };
		899C21DB1CEB02E700DB02AF /* Base */ = {isa = PBXFileReference; lastKnownFileType = file.storyboard; name = Base; path = Base.lproj/Main.storyboard; sourceTree = "<group>"; };
		899C21DD1CEB02E700DB02AF /* Assets.xcassets */ = {isa = PBXFileReference; lastKnownFileType = folder.assetcatalog; path = Assets.xcassets; sourceTree = "<group>"; };
		899C21E01CEB02E700DB02AF /* Base */ = {isa = PBXFileReference; lastKnownFileType = file.storyboard; name = Base; path = Base.lproj/LaunchScreen.storyboard; sourceTree = "<group>"; };
		899C21E21CEB02E700DB02AF /* Info.plist */ = {isa = PBXFileReference; lastKnownFileType = text.plist.xml; path = Info.plist; sourceTree = "<group>"; };
		899C21E71CEB02E700DB02AF /* Runtime_ PerformSelectorTests.xctest */ = {isa = PBXFileReference; explicitFileType = wrapper.cfbundle; includeInIndex = 0; path = "Runtime_ PerformSelectorTests.xctest"; sourceTree = BUILT_PRODUCTS_DIR; };
		899C21EB1CEB02E700DB02AF /* Runtime__PerformSelectorTests.m */ = {isa = PBXFileReference; lastKnownFileType = sourcecode.c.objc; path = Runtime__PerformSelectorTests.m; sourceTree = "<group>"; };
		899C21ED1CEB02E700DB02AF /* Info.plist */ = {isa = PBXFileReference; lastKnownFileType = text.plist.xml; path = Info.plist; sourceTree = "<group>"; };
		899C21F21CEB02E700DB02AF /* Runtime_ PerformSelectorUITests.xctest */ = {isa = PBXFileReference; explicitFileType = wrapper.cfbundle; includeInIndex = 0; path = "Runtime_ PerformSelectorUITests.xctest"; sourceTree = BUILT_PRODUCTS_DIR; };
		899C21F61CEB02E700DB02AF /* Runtime__PerformSelectorUITests.m */ = {isa = PBXFileReference; lastKnownFileType = sourcecode.c.objc; path = Runtime__PerformSelectorUITests.m; sourceTree = "<group>"; };
		899C21F81CEB02E700DB02AF /* Info.plist */ = {isa = PBXFileReference; lastKnownFileType = text.plist.xml; path = Info.plist; sourceTree = "<group>"; };
		899C22051CEB030800DB02AF /* Person.h */ = {isa = PBXFileReference; fileEncoding = 4; lastKnownFileType = sourcecode.c.h; path = Person.h; sourceTree = "<group>"; };
		899C22061CEB030800DB02AF /* Person.m */ = {isa = PBXFileReference; fileEncoding = 4; lastKnownFileType = sourcecode.c.objc; path = Person.m; sourceTree = "<group>"; };
/* End PBXFileReference section */

/* Begin PBXFrameworksBuildPhase section */
		899C21CB1CEB02E700DB02AF /* Frameworks */ = {
			isa = PBXFrameworksBuildPhase;
			buildActionMask = 2147483647;
			files = (
			);
			runOnlyForDeploymentPostprocessing = 0;
		};
		899C21E41CEB02E700DB02AF /* Frameworks */ = {
			isa = PBXFrameworksBuildPhase;
			buildActionMask = 2147483647;
			files = (
			);
			runOnlyForDeploymentPostprocessing = 0;
		};
		899C21EF1CEB02E700DB02AF /* Frameworks */ = {
			isa = PBXFrameworksBuildPhase;
			buildActionMask = 2147483647;
			files = (
			);
			runOnlyForDeploymentPostprocessing = 0;
		};
/* End PBXFrameworksBuildPhase section */

/* Begin PBXGroup section */
		899C21C51CEB02E700DB02AF = {
			isa = PBXGroup;
			children = (
				899C21D01CEB02E700DB02AF /* Runtime_ PerformSelector */,
				899C21EA1CEB02E700DB02AF /* Runtime_ PerformSelectorTests */,
				899C21F51CEB02E700DB02AF /* Runtime_ PerformSelectorUITests */,
				899C21CF1CEB02E700DB02AF /* Products */,
			);
			sourceTree = "<group>";
		};
		899C21CF1CEB02E700DB02AF /* Products */ = {
			isa = PBXGroup;
			children = (
				899C21CE1CEB02E700DB02AF /* Runtime_ PerformSelector.app */,
				899C21E71CEB02E700DB02AF /* Runtime_ PerformSelectorTests.xctest */,
				899C21F21CEB02E700DB02AF /* Runtime_ PerformSelectorUITests.xctest */,
			);
			name = Products;
			sourceTree = "<group>";
		};
		899C21D01CEB02E700DB02AF /* Runtime_ PerformSelector */ = {
			isa = PBXGroup;
			children = (
				899C22041CEB02F200DB02AF /* Others */,
				899C21D71CEB02E700DB02AF /* ViewController.h */,
				899C21D81CEB02E700DB02AF /* ViewController.m */,
				899C21DA1CEB02E700DB02AF /* Main.storyboard */,
				899C22051CEB030800DB02AF /* Person.h */,
				899C22061CEB030800DB02AF /* Person.m */,
				899C21D11CEB02E700DB02AF /* Supporting Files */,
			);
			path = "Runtime_ PerformSelector";
			sourceTree = "<group>";
		};
		899C21D11CEB02E700DB02AF /* Supporting Files */ = {
			isa = PBXGroup;
			children = (
				899C21D21CEB02E700DB02AF /* main.m */,
			);
			name = "Supporting Files";
			sourceTree = "<group>";
		};
		899C21EA1CEB02E700DB02AF /* Runtime_ PerformSelectorTests */ = {
			isa = PBXGroup;
			children = (
				899C21EB1CEB02E700DB02AF /* Runtime__PerformSelectorTests.m */,
				899C21ED1CEB02E700DB02AF /* Info.plist */,
			);
			path = "Runtime_ PerformSelectorTests";
			sourceTree = "<group>";
		};
		899C21F51CEB02E700DB02AF /* Runtime_ PerformSelectorUITests */ = {
			isa = PBXGroup;
			children = (
				899C21F61CEB02E700DB02AF /* Runtime__PerformSelectorUITests.m */,
				899C21F81CEB02E700DB02AF /* Info.plist */,
			);
			path = "Runtime_ PerformSelectorUITests";
			sourceTree = "<group>";
		};
		899C22041CEB02F200DB02AF /* Others */ = {
			isa = PBXGroup;
			children = (
				899C21DD1CEB02E700DB02AF /* Assets.xcassets */,
				899C21DF1CEB02E700DB02AF /* LaunchScreen.storyboard */,
				899C21E21CEB02E700DB02AF /* Info.plist */,
				899C21D41CEB02E700DB02AF /* AppDelegate.h */,
				899C21D51CEB02E700DB02AF /* AppDelegate.m */,
			);
			name = Others;
			sourceTree = "<group>";
		};
/* End PBXGroup section */

/* Begin PBXNativeTarget section */
		899C21CD1CEB02E700DB02AF /* Runtime_ PerformSelector */ = {
			isa = PBXNativeTarget;
			buildConfigurationList = 899C21FB1CEB02E700DB02AF /* Build configuration list for PBXNativeTarget "Runtime_ PerformSelector" */;
			buildPhases = (
				899C21CA1CEB02E700DB02AF /* Sources */,
				899C21CB1CEB02E700DB02AF /* Frameworks */,
				899C21CC1CEB02E700DB02AF /* Resources */,
			);
			buildRules = (
			);
			dependencies = (
			);
			name = "Runtime_ PerformSelector";
			productName = "Runtime_ PerformSelector";
			productReference = 899C21CE1CEB02E700DB02AF /* Runtime_ PerformSelector.app */;
			productType = "com.apple.product-type.application";
		};
		899C21E61CEB02E700DB02AF /* Runtime_ PerformSelectorTests */ = {
			isa = PBXNativeTarget;
			buildConfigurationList = 899C21FE1CEB02E700DB02AF /* Build configuration list for PBXNativeTarget "Runtime_ PerformSelectorTests" */;
			buildPhases = (
				899C21E31CEB02E700DB02AF /* Sources */,
				899C21E41CEB02E700DB02AF /* Frameworks */,
				899C21E51CEB02E700DB02AF /* Resources */,
			);
			buildRules = (
			);
			dependencies = (
				899C21E91CEB02E700DB02AF /* PBXTargetDependency */,
			);
			name = "Runtime_ PerformSelectorTests";
			productName = "Runtime_ PerformSelectorTests";
			productReference = 899C21E71CEB02E700DB02AF /* Runtime_ PerformSelectorTests.xctest */;
			productType = "com.apple.product-type.bundle.unit-test";
		};
		899C21F11CEB02E700DB02AF /* Runtime_ PerformSelectorUITests */ = {
			isa = PBXNativeTarget;
			buildConfigurationList = 899C22011CEB02E700DB02AF /* Build configuration list for PBXNativeTarget "Runtime_ PerformSelectorUITests" */;
			buildPhases = (
				899C21EE1CEB02E700DB02AF /* Sources */,
				899C21EF1CEB02E700DB02AF /* Frameworks */,
				899C21F01CEB02E700DB02AF /* Resources */,
			);
			buildRules = (
			);
			dependencies = (
				899C21F41CEB02E700DB02AF /* PBXTargetDependency */,
			);
			name = "Runtime_ PerformSelectorUITests";
			productName = "Runtime_ PerformSelectorUITests";
			productReference = 899C21F21CEB02E700DB02AF /* Runtime_ PerformSelectorUITests.xctest */;
			productType = "com.apple.product-type.bundle.ui-testing";
		};
/* End PBXNativeTarget section */

/* Begin PBXProject section */
		899C21C61CEB02E700DB02AF /* Project object */ = {
			isa = PBXProject;
			attributes = {
				LastUpgradeCheck = 0730;
				ORGANIZATIONNAME = "李龙";
				TargetAttributes = {
					899C21CD1CEB02E700DB02AF = {
						CreatedOnToolsVersion = 7.3;
					};
					899C21E61CEB02E700DB02AF = {
						CreatedOnToolsVersion = 7.3;
						TestTargetID = 899C21CD1CEB02E700DB02AF;
					};
					899C21F11CEB02E700DB02AF = {
						CreatedOnToolsVersion = 7.3;
						TestTargetID = 899C21CD1CEB02E700DB02AF;
					};
				};
			};
			buildConfigurationList = 899C21C91CEB02E700DB02AF /* Build configuration list for PBXProject "Runtime_ PerformSelector" */;
			compatibilityVersion = "Xcode 3.2";
			developmentRegion = English;
			hasScannedForEncodings = 0;
			knownRegions = (
				en,
				Base,
			);
			mainGroup = 899C21C51CEB02E700DB02AF;
			productRefGroup = 899C21CF1CEB02E700DB02AF /* Products */;
			projectDirPath = "";
			projectRoot = "";
			targets = (
				899C21CD1CEB02E700DB02AF /* Runtime_ PerformSelector */,
				899C21E61CEB02E700DB02AF /* Runtime_ PerformSelectorTests */,
				899C21F11CEB02E700DB02AF /* Runtime_ PerformSelectorUITests */,
			);
		};
/* End PBXProject section */

/* Begin PBXResourcesBuildPhase section */
		899C21CC1CEB02E700DB02AF /* Resources */ = {
			isa = PBXResourcesBuildPhase;
			buildActionMask = 2147483647;
			files = (
				899C21E11CEB02E700DB02AF /* LaunchScreen.storyboard in Resources */,
				899C21DE1CEB02E700DB02AF /* Assets.xcassets in Resources */,
				899C21DC1CEB02E700DB02AF /* Main.storyboard in Resources */,
			);
			runOnlyForDeploymentPostprocessing = 0;
		};
		899C21E51CEB02E700DB02AF /* Resources */ = {
			isa = PBXResourcesBuildPhase;
			buildActionMask = 2147483647;
			files = (
			);
			runOnlyForDeploymentPostprocessing = 0;
		};
		899C21F01CEB02E700DB02AF /* Resources */ = {
			isa = PBXResourcesBuildPhase;
			buildActionMask = 2147483647;
			files = (
			);
			runOnlyForDeploymentPostprocessing = 0;
		};
/* End PBXResourcesBuildPhase section */

/* Begin PBXSourcesBuildPhase section */
		899C21CA1CEB02E700DB02AF /* Sources */ = {
			isa = PBXSourcesBuildPhase;
			buildActionMask = 2147483647;
			files = (
				899C21D91CEB02E700DB02AF /* ViewController.m in Sources */,
				899C21D61CEB02E700DB02AF /* AppDelegate.m in Sources */,
				899C22071CEB030800DB02AF /* Person.m in Sources */,
				899C21D31CEB02E700DB02AF /* main.m in Sources */,
			);
			runOnlyForDeploymentPostprocessing = 0;
		};
		899C21E31CEB02E700DB02AF /* Sources */ = {
			isa = PBXSourcesBuildPhase;
			buildActionMask = 2147483647;
			files = (
				899C21EC1CEB02E700DB02AF /* Runtime__PerformSelectorTests.m in Sources */,
			);
			runOnlyForDeploymentPostprocessing = 0;
		};
		899C21EE1CEB02E700DB02AF /* Sources */ = {
			isa = PBXSourcesBuildPhase;
			buildActionMask = 2147483647;
			files = (
				899C21F71CEB02E700DB02AF /* Runtime__PerformSelectorUITests.m in Sources */,
			);
			runOnlyForDeploymentPostprocessing = 0;
		};
/* End PBXSourcesBuildPhase section */

/* Begin PBXTargetDependency section */
		899C21E91CEB02E700DB02AF /* PBXTargetDependency */ = {
			isa = PBXTargetDependency;
			target = 899C21CD1CEB02E700DB02AF /* Runtime_ PerformSelector */;
			targetProxy = 899C21E81CEB02E700DB02AF /* PBXContainerItemProxy */;
		};
		899C21F41CEB02E700DB02AF /* PBXTargetDependency */ = {
			isa = PBXTargetDependency;
			target = 899C21CD1CEB02E700DB02AF /* Runtime_ PerformSelector */;
			targetProxy = 899C21F31CEB02E700DB02AF /* PBXContainerItemProxy */;
		};
/* End PBXTargetDependency section */

/* Begin PBXVariantGroup section */
		899C21DA1CEB02E700DB02AF /* Main.storyboard */ = {
			isa = PBXVariantGroup;
			children = (
				899C21DB1CEB02E700DB02AF /* Base */,
			);
			name = Main.storyboard;
			sourceTree = "<group>";
		};
		899C21DF1CEB02E700DB02AF /* LaunchScreen.storyboard */ = {
			isa = PBXVariantGroup;
			children = (
				899C21E01CEB02E700DB02AF /* Base */,
			);
			name = LaunchScreen.storyboard;
			sourceTree = "<group>";
		};
/* End PBXVariantGroup section */

/* Begin XCBuildConfiguration section */
		899C21F91CEB02E700DB02AF /* Debug */ = {
			isa = XCBuildConfiguration;
			buildSettings = {
				ALWAYS_SEARCH_USER_PATHS = NO;
				CLANG_ANALYZER_NONNULL = YES;
				CLANG_CXX_LANGUAGE_STANDARD = "gnu++0x";
				CLANG_CXX_LIBRARY = "libc++";
				CLANG_ENABLE_MODULES = YES;
				CLANG_ENABLE_OBJC_ARC = YES;
				CLANG_WARN_BOOL_CONVERSION = YES;
				CLANG_WARN_CONSTANT_CONVERSION = YES;
				CLANG_WARN_DIRECT_OBJC_ISA_USAGE = YES_ERROR;
				CLANG_WARN_EMPTY_BODY = YES;
				CLANG_WARN_ENUM_CONVERSION = YES;
				CLANG_WARN_INT_CONVERSION = YES;
				CLANG_WARN_OBJC_ROOT_CLASS = YES_ERROR;
				CLANG_WARN_UNREACHABLE_CODE = YES;
				CLANG_WARN__DUPLICATE_METHOD_MATCH = YES;
				"CODE_SIGN_IDENTITY[sdk=iphoneos*]" = "iPhone Developer";
				COPY_PHASE_STRIP = NO;
				DEBUG_INFORMATION_FORMAT = dwarf;
				ENABLE_STRICT_OBJC_MSGSEND = YES;
				ENABLE_TESTABILITY = YES;
				GCC_C_LANGUAGE_STANDARD = gnu99;
				GCC_DYNAMIC_NO_PIC = NO;
				GCC_NO_COMMON_BLOCKS = YES;
				GCC_OPTIMIZATION_LEVEL = 0;
				GCC_PREPROCESSOR_DEFINITIONS = (
					"DEBUG=1",
					"$(inherited)",
				);
				GCC_WARN_64_TO_32_BIT_CONVERSION = YES;
				GCC_WARN_ABOUT_RETURN_TYPE = YES_ERROR;
				GCC_WARN_UNDECLARED_SELECTOR = YES;
				GCC_WARN_UNINITIALIZED_AUTOS = YES_AGGRESSIVE;
				GCC_WARN_UNUSED_FUNCTION = YES;
				GCC_WARN_UNUSED_VARIABLE = YES;
				IPHONEOS_DEPLOYMENT_TARGET = 9.3;
				MTL_ENABLE_DEBUG_INFO = YES;
				ONLY_ACTIVE_ARCH = YES;
				SDKROOT = iphoneos;
				TARGETED_DEVICE_FAMILY = "1,2";
			};
			name = Debug;
		};
		899C21FA1CEB02E700DB02AF /* Release */ = {
			isa = XCBuildConfiguration;
			buildSettings = {
				ALWAYS_SEARCH_USER_PATHS = NO;
				CLANG_ANALYZER_NONNULL = YES;
				CLANG_CXX_LANGUAGE_STANDARD = "gnu++0x";
				CLANG_CXX_LIBRARY = "libc++";
				CLANG_ENABLE_MODULES = YES;
				CLANG_ENABLE_OBJC_ARC = YES;
				CLANG_WARN_BOOL_CONVERSION = YES;
				CLANG_WARN_CONSTANT_CONVERSION = YES;
				CLANG_WARN_DIRECT_OBJC_ISA_USAGE = YES_ERROR;
				CLANG_WARN_EMPTY_BODY = YES;
				CLANG_WARN_ENUM_CONVERSION = YES;
				CLANG_WARN_INT_CONVERSION = YES;
				CLANG_WARN_OBJC_ROOT_CLASS = YES_ERROR;
				CLANG_WARN_UNREACHABLE_CODE = YES;
				CLANG_WARN__DUPLICATE_METHOD_MATCH = YES;
				"CODE_SIGN_IDENTITY[sdk=iphoneos*]" = "iPhone Developer";
				COPY_PHASE_STRIP = NO;
				DEBUG_INFORMATION_FORMAT = "dwarf-with-dsym";
				ENABLE_NS_ASSERTIONS = NO;
				ENABLE_STRICT_OBJC_MSGSEND = YES;
				GCC_C_LANGUAGE_STANDARD = gnu99;
				GCC_NO_COMMON_BLOCKS = YES;
				GCC_WARN_64_TO_32_BIT_CONVERSION = YES;
				GCC_WARN_ABOUT_RETURN_TYPE = YES_ERROR;
				GCC_WARN_UNDECLARED_SELECTOR = YES;
				GCC_WARN_UNINITIALIZED_AUTOS = YES_AGGRESSIVE;
				GCC_WARN_UNUSED_FUNCTION = YES;
				GCC_WARN_UNUSED_VARIABLE = YES;
				IPHONEOS_DEPLOYMENT_TARGET = 9.3;
				MTL_ENABLE_DEBUG_INFO = NO;
				SDKROOT = iphoneos;
				TARGETED_DEVICE_FAMILY = "1,2";
				VALIDATE_PRODUCT = YES;
			};
			name = Release;
		};
		899C21FC1CEB02E700DB02AF /* Debug */ = {
			isa = XCBuildConfiguration;
			buildSettings = {
				ASSETCATALOG_COMPILER_APPICON_NAME = AppIcon;
				INFOPLIST_FILE = "Runtime_ PerformSelector/Info.plist";
				LD_RUNPATH_SEARCH_PATHS = "$(inherited) @executable_path/Frameworks";
				PRODUCT_BUNDLE_IDENTIFIER = "com.zyht.Runtime--PerformSelector";
				PRODUCT_NAME = "$(TARGET_NAME)";
			};
			name = Debug;
		};
		899C21FD1CEB02E700DB02AF /* Release */ = {
			isa = XCBuildConfiguration;
			buildSettings = {
				ASSETCATALOG_COMPILER_APPICON_NAME = AppIcon;
				INFOPLIST_FILE = "Runtime_ PerformSelector/Info.plist";
				LD_RUNPATH_SEARCH_PATHS = "$(inherited) @executable_path/Frameworks";
				PRODUCT_BUNDLE_IDENTIFIER = "com.zyht.Runtime--PerformSelector";
				PRODUCT_NAME = "$(TARGET_NAME)";
			};
			name = Release;
		};
		899C21FF1CEB02E700DB02AF /* Debug */ = {
			isa = XCBuildConfiguration;
			buildSettings = {
				BUNDLE_LOADER = "$(TEST_HOST)";
				INFOPLIST_FILE = "Runtime_ PerformSelectorTests/Info.plist";
				LD_RUNPATH_SEARCH_PATHS = "$(inherited) @executable_path/Frameworks @loader_path/Frameworks";
				PRODUCT_BUNDLE_IDENTIFIER = "com.zyht.Runtime--PerformSelectorTests";
				PRODUCT_NAME = "$(TARGET_NAME)";
				TEST_HOST = "$(BUILT_PRODUCTS_DIR)/Runtime_ PerformSelector.app/Runtime_ PerformSelector";
			};
			name = Debug;
		};
		899C22001CEB02E700DB02AF /* Release */ = {
			isa = XCBuildConfiguration;
			buildSettings = {
				BUNDLE_LOADER = "$(TEST_HOST)";
				INFOPLIST_FILE = "Runtime_ PerformSelectorTests/Info.plist";
				LD_RUNPATH_SEARCH_PATHS = "$(inherited) @executable_path/Frameworks @loader_path/Frameworks";
				PRODUCT_BUNDLE_IDENTIFIER = "com.zyht.Runtime--PerformSelectorTests";
				PRODUCT_NAME = "$(TARGET_NAME)";
				TEST_HOST = "$(BUILT_PRODUCTS_DIR)/Runtime_ PerformSelector.app/Runtime_ PerformSelector";
			};
			name = Release;
		};
		899C22021CEB02E700DB02AF /* Debug */ = {
			isa = XCBuildConfiguration;
			buildSettings = {
				INFOPLIST_FILE = "Runtime_ PerformSelectorUITests/Info.plist";
				LD_RUNPATH_SEARCH_PATHS = "$(inherited) @executable_path/Frameworks @loader_path/Frameworks";
				PRODUCT_BUNDLE_IDENTIFIER = "com.zyht.Runtime--PerformSelectorUITests";
				PRODUCT_NAME = "$(TARGET_NAME)";
				TEST_TARGET_NAME = "Runtime_ PerformSelector";
			};
			name = Debug;
		};
		899C22031CEB02E700DB02AF /* Release */ = {
			isa = XCBuildConfiguration;
			buildSettings = {
				INFOPLIST_FILE = "Runtime_ PerformSelectorUITests/Info.plist";
				LD_RUNPATH_SEARCH_PATHS = "$(inherited) @executable_path/Frameworks @loader_path/Frameworks";
				PRODUCT_BUNDLE_IDENTIFIER = "com.zyht.Runtime--PerformSelectorUITests";
				PRODUCT_NAME = "$(TARGET_NAME)";
				TEST_TARGET_NAME = "Runtime_ PerformSelector";
			};
			name = Release;
		};
/* End XCBuildConfiguration section */

/* Begin XCConfigurationList section */
		899C21C91CEB02E700DB02AF /* Build configuration list for PBXProject "Runtime_ PerformSelector" */ = {
			isa = XCConfigurationList;
			buildConfigurations = (
				899C21F91CEB02E700DB02AF /* Debug */,
				899C21FA1CEB02E700DB02AF /* Release */,
			);
			defaultConfigurationIsVisible = 0;
			defaultConfigurationName = Release;
		};
		899C21FB1CEB02E700DB02AF /* Build configuration list for PBXNativeTarget "Runtime_ PerformSelector" */ = {
			isa = XCConfigurationList;
			buildConfigurations = (
				899C21FC1CEB02E700DB02AF /* Debug */,
				899C21FD1CEB02E700DB02AF /* Release */,
			);
			defaultConfigurationIsVisible = 0;
		};
		899C21FE1CEB02E700DB02AF /* Build configuration list for PBXNativeTarget "Runtime_ PerformSelectorTests" */ = {
			isa = XCConfigurationList;
			buildConfigurations = (
				899C21FF1CEB02E700DB02AF /* Debug */,
				899C22001CEB02E700DB02AF /* Release */,
			);
			defaultConfigurationIsVisible = 0;
		};
		899C22011CEB02E700DB02AF /* Build configuration list for PBXNativeTarget "Runtime_ PerformSelectorUITests" */ = {
			isa = XCConfigurationList;
			buildConfigurations = (
				899C22021CEB02E700DB02AF /* Debug */,
				899C22031CEB02E700DB02AF /* Release */,
			);
			defaultConfigurationIsVisible = 0;
		};
/* End XCConfigurationList section */
	};
	rootObject = 899C21C61CEB02E700DB02AF /* Project object */;
}
