<?xml version="1.0" encoding="UTF-8"?>
<!DOCTYPE plist PUBLIC "-//Apple//DTD PLIST 1.0//EN" "http://www.apple.com/DTDs/PropertyList-1.0.dtd">
<plist version="1.0">
<dict>
	<key>archiveVersion</key>
	<string>1</string>
	<key>classes</key>
	<dict/>
	<key>objectVersion</key>
	<string>46</string>
	<key>objects</key>
	<dict>
		<key>894813631CE5B10A0042CF0F</key>
		<dict>
			<key>children</key>
			<array>
				<string>8948136D1CE5B10B0042CF0F</string>
				<string>8948136E1CE5B10B0042CF0F</string>
				<string>894813881CE5B10B0042CF0F</string>
				<string>894813931CE5B10B0042CF0F</string>
			</array>
			<key>isa</key>
			<string>PBXGroup</string>
			<key>sourceTree</key>
			<string>&lt;group&gt;</string>
		</dict>
		<key>894813641CE5B10A0042CF0F</key>
		<dict>
			<key>attributes</key>
			<dict>
				<key>LastUpgradeCheck</key>
				<string>0730</string>
				<key>ORGANIZATIONNAME</key>
				<string>&#26446;&#40857;</string>
				<key>TargetAttributes</key>
				<dict>
					<key>8948136B1CE5B10B0042CF0F</key>
					<dict>
						<key>CreatedOnToolsVersion</key>
						<string>7.3</string>
					</dict>
					<key>894813841CE5B10B0042CF0F</key>
					<dict>
						<key>CreatedOnToolsVersion</key>
						<string>7.3</string>
						<key>TestTargetID</key>
						<string>8948136B1CE5B10B0042CF0F</string>
					</dict>
					<key>8948138F1CE5B10B0042CF0F</key>
					<dict>
						<key>CreatedOnToolsVersion</key>
						<string>7.3</string>
						<key>TestTargetID</key>
						<string>8948136B1CE5B10B0042CF0F</string>
					</dict>
				</dict>
			</dict>
			<key>buildConfigurationList</key>
			<string>894813671CE5B10A0042CF0F</string>
			<key>compatibilityVersion</key>
			<string>Xcode 3.2</string>
			<key>developmentRegion</key>
			<string>English</string>
			<key>hasScannedForEncodings</key>
			<string>0</string>
			<key>isa</key>
			<string>PBXProject</string>
			<key>knownRegions</key>
			<array>
				<string>en</string>
				<string>Base</string>
			</array>
			<key>mainGroup</key>
			<string>894813631CE5B10A0042CF0F</string>
			<key>productRefGroup</key>
			<string>8948136D1CE5B10B0042CF0F</string>
			<key>projectDirPath</key>
			<string></string>
			<key>projectReferences</key>
			<array/>
			<key>projectRoot</key>
			<string></string>
			<key>targets</key>
			<array>
				<string>8948136B1CE5B10B0042CF0F</string>
				<string>894813841CE5B10B0042CF0F</string>
				<string>8948138F1CE5B10B0042CF0F</string>
			</array>
		</dict>
		<key>894813671CE5B10A0042CF0F</key>
		<dict>
			<key>buildConfigurations</key>
			<array>
				<string>894813971CE5B10B0042CF0F</string>
				<string>894813981CE5B10B0042CF0F</string>
			</array>
			<key>defaultConfigurationIsVisible</key>
			<string>0</string>
			<key>defaultConfigurationName</key>
			<string>Release</string>
			<key>isa</key>
			<string>XCConfigurationList</string>
		</dict>
		<key>894813681CE5B10B0042CF0F</key>
		<dict>
			<key>buildActionMask</key>
			<string>2147483647</string>
			<key>files</key>
			<array>
				<string>894813771CE5B10B0042CF0F</string>
				<string>894813AA1CE5B1F50042CF0F</string>
				<string>894813741CE5B10B0042CF0F</string>
				<string>894813711CE5B10B0042CF0F</string>
			</array>
			<key>isa</key>
			<string>PBXSourcesBuildPhase</string>
			<key>runOnlyForDeploymentPostprocessing</key>
			<string>0</string>
		</dict>
		<key>894813691CE5B10B0042CF0F</key>
		<dict>
			<key>buildActionMask</key>
			<string>2147483647</string>
			<key>files</key>
			<array/>
			<key>isa</key>
			<string>PBXFrameworksBuildPhase</string>
			<key>runOnlyForDeploymentPostprocessing</key>
			<string>0</string>
		</dict>
		<key>8948136A1CE5B10B0042CF0F</key>
		<dict>
			<key>buildActionMask</key>
			<string>2147483647</string>
			<key>files</key>
			<array>
				<string>894813A51CE5B1A70042CF0F</string>
				<string>894813A61CE5B1A70042CF0F</string>
				<string>8948137F1CE5B10B0042CF0F</string>
				<string>8948137C1CE5B10B0042CF0F</string>
				<string>8948137A1CE5B10B0042CF0F</string>
			</array>
			<key>isa</key>
			<string>PBXResourcesBuildPhase</string>
			<key>runOnlyForDeploymentPostprocessing</key>
			<string>0</string>
		</dict>
		<key>8948136B1CE5B10B0042CF0F</key>
		<dict>
			<key>buildConfigurationList</key>
			<string>894813991CE5B10B0042CF0F</string>
			<key>buildPhases</key>
			<array>
				<string>894813681CE5B10B0042CF0F</string>
				<string>894813691CE5B10B0042CF0F</string>
				<string>8948136A1CE5B10B0042CF0F</string>
			</array>
			<key>buildRules</key>
			<array/>
			<key>dependencies</key>
			<array/>
			<key>isa</key>
			<string>PBXNativeTarget</string>
			<key>name</key>
			<string>Runtime_ReplaceSystemMethod</string>
			<key>productName</key>
			<string>Runtime_ReplaceSystemMethod</string>
			<key>productReference</key>
			<string>8948136C1CE5B10B0042CF0F</string>
			<key>productType</key>
			<string>com.apple.product-type.application</string>
		</dict>
		<key>8948136C1CE5B10B0042CF0F</key>
		<dict>
			<key>explicitFileType</key>
			<string>wrapper.application</string>
			<key>includeInIndex</key>
			<string>0</string>
			<key>isa</key>
			<string>PBXFileReference</string>
			<key>path</key>
			<string>Runtime_ReplaceSystemMethod.app</string>
			<key>sourceTree</key>
			<string>BUILT_PRODUCTS_DIR</string>
		</dict>
		<key>8948136D1CE5B10B0042CF0F</key>
		<dict>
			<key>children</key>
			<array>
				<string>8948136C1CE5B10B0042CF0F</string>
				<string>894813851CE5B10B0042CF0F</string>
				<string>894813901CE5B10B0042CF0F</string>
			</array>
			<key>isa</key>
			<string>PBXGroup</string>
			<key>name</key>
			<string>Products</string>
			<key>sourceTree</key>
			<string>&lt;group&gt;</string>
		</dict>
		<key>8948136E1CE5B10B0042CF0F</key>
		<dict>
			<key>children</key>
			<array>
				<string>894813A71CE5B1E30042CF0F</string>
				<string>894813A21CE5B1730042CF0F</string>
				<string>8948136F1CE5B10B0042CF0F</string>
				<string>894813721CE5B10B0042CF0F</string>
				<string>894813731CE5B10B0042CF0F</string>
				<string>8948137B1CE5B10B0042CF0F</string>
				<string>894813801CE5B10B0042CF0F</string>
				<string>8948137D1CE5B10B0042CF0F</string>
				<string>894813781CE5B10B0042CF0F</string>
				<string>894813751CE5B10B0042CF0F</string>
				<string>894813761CE5B10B0042CF0F</string>
			</array>
			<key>isa</key>
			<string>PBXGroup</string>
			<key>path</key>
			<string>Runtime_ReplaceSystemMethod</string>
			<key>sourceTree</key>
			<string>&lt;group&gt;</string>
		</dict>
		<key>8948136F1CE5B10B0042CF0F</key>
		<dict>
			<key>children</key>
			<array>
				<string>894813701CE5B10B0042CF0F</string>
			</array>
			<key>isa</key>
			<string>PBXGroup</string>
			<key>name</key>
			<string>Supporting Files</string>
			<key>path</key>
			<string>Supporting Files</string>
			<key>sourceTree</key>
			<string>&lt;group&gt;</string>
		</dict>
		<key>894813701CE5B10B0042CF0F</key>
		<dict>
			<key>isa</key>
			<string>PBXFileReference</string>
			<key>lastKnownFileType</key>
			<string>sourcecode.c.objc</string>
			<key>path</key>
			<string>main.m</string>
			<key>sourceTree</key>
			<string>&lt;group&gt;</string>
		</dict>
		<key>894813711CE5B10B0042CF0F</key>
		<dict>
			<key>fileRef</key>
			<string>894813701CE5B10B0042CF0F</string>
			<key>isa</key>
			<string>PBXBuildFile</string>
		</dict>
		<key>894813721CE5B10B0042CF0F</key>
		<dict>
			<key>isa</key>
			<string>PBXFileReference</string>
			<key>lastKnownFileType</key>
			<string>sourcecode.c.h</string>
			<key>path</key>
			<string>AppDelegate.h</string>
			<key>sourceTree</key>
			<string>&lt;group&gt;</string>
		</dict>
		<key>894813731CE5B10B0042CF0F</key>
		<dict>
			<key>isa</key>
			<string>PBXFileReference</string>
			<key>lastKnownFileType</key>
			<string>sourcecode.c.objc</string>
			<key>path</key>
			<string>AppDelegate.m</string>
			<key>sourceTree</key>
			<string>&lt;group&gt;</string>
		</dict>
		<key>894813741CE5B10B0042CF0F</key>
		<dict>
			<key>fileRef</key>
			<string>894813731CE5B10B0042CF0F</string>
			<key>isa</key>
			<string>PBXBuildFile</string>
		</dict>
		<key>894813751CE5B10B0042CF0F</key>
		<dict>
			<key>isa</key>
			<string>PBXFileReference</string>
			<key>lastKnownFileType</key>
			<string>sourcecode.c.h</string>
			<key>path</key>
			<string>ViewController.h</string>
			<key>sourceTree</key>
			<string>&lt;group&gt;</string>
		</dict>
		<key>894813761CE5B10B0042CF0F</key>
		<dict>
			<key>isa</key>
			<string>PBXFileReference</string>
			<key>lastKnownFileType</key>
			<string>sourcecode.c.objc</string>
			<key>path</key>
			<string>ViewController.m</string>
			<key>sourceTree</key>
			<string>&lt;group&gt;</string>
		</dict>
		<key>894813771CE5B10B0042CF0F</key>
		<dict>
			<key>fileRef</key>
			<string>894813761CE5B10B0042CF0F</string>
			<key>isa</key>
			<string>PBXBuildFile</string>
		</dict>
		<key>894813781CE5B10B0042CF0F</key>
		<dict>
			<key>children</key>
			<array>
				<string>894813791CE5B10B0042CF0F</string>
			</array>
			<key>isa</key>
			<string>PBXVariantGroup</string>
			<key>name</key>
			<string>Main.storyboard</string>
			<key>path</key>
			<string>.</string>
			<key>sourceTree</key>
			<string>&lt;group&gt;</string>
		</dict>
		<key>894813791CE5B10B0042CF0F</key>
		<dict>
			<key>isa</key>
			<string>PBXFileReference</string>
			<key>lastKnownFileType</key>
			<string>file.storyboard</string>
			<key>name</key>
			<string>Base</string>
			<key>path</key>
			<string>Base.lproj/Main.storyboard</string>
			<key>sourceTree</key>
			<string>&lt;group&gt;</string>
		</dict>
		<key>8948137A1CE5B10B0042CF0F</key>
		<dict>
			<key>fileRef</key>
			<string>894813781CE5B10B0042CF0F</string>
			<key>isa</key>
			<string>PBXBuildFile</string>
		</dict>
		<key>8948137B1CE5B10B0042CF0F</key>
		<dict>
			<key>isa</key>
			<string>PBXFileReference</string>
			<key>lastKnownFileType</key>
			<string>folder.assetcatalog</string>
			<key>path</key>
			<string>Assets.xcassets</string>
			<key>sourceTree</key>
			<string>&lt;group&gt;</string>
		</dict>
		<key>8948137C1CE5B10B0042CF0F</key>
		<dict>
			<key>fileRef</key>
			<string>8948137B1CE5B10B0042CF0F</string>
			<key>isa</key>
			<string>PBXBuildFile</string>
		</dict>
		<key>8948137D1CE5B10B0042CF0F</key>
		<dict>
			<key>children</key>
			<array>
				<string>8948137E1CE5B10B0042CF0F</string>
			</array>
			<key>isa</key>
			<string>PBXVariantGroup</string>
			<key>name</key>
			<string>LaunchScreen.storyboard</string>
			<key>path</key>
			<string>.</string>
			<key>sourceTree</key>
			<string>&lt;group&gt;</string>
		</dict>
		<key>8948137E1CE5B10B0042CF0F</key>
		<dict>
			<key>isa</key>
			<string>PBXFileReference</string>
			<key>lastKnownFileType</key>
			<string>file.storyboard</string>
			<key>name</key>
			<string>Base</string>
			<key>path</key>
			<string>Base.lproj/LaunchScreen.storyboard</string>
			<key>sourceTree</key>
			<string>&lt;group&gt;</string>
		</dict>
		<key>8948137F1CE5B10B0042CF0F</key>
		<dict>
			<key>fileRef</key>
			<string>8948137D1CE5B10B0042CF0F</string>
			<key>isa</key>
			<string>PBXBuildFile</string>
		</dict>
		<key>894813801CE5B10B0042CF0F</key>
		<dict>
			<key>isa</key>
			<string>PBXFileReference</string>
			<key>lastKnownFileType</key>
			<string>text.plist.xml</string>
			<key>path</key>
			<string>Info.plist</string>
			<key>sourceTree</key>
			<string>&lt;group&gt;</string>
		</dict>
		<key>894813811CE5B10B0042CF0F</key>
		<dict>
			<key>buildActionMask</key>
			<string>2147483647</string>
			<key>files</key>
			<array>
				<string>8948138A1CE5B10B0042CF0F</string>
			</array>
			<key>isa</key>
			<string>PBXSourcesBuildPhase</string>
			<key>runOnlyForDeploymentPostprocessing</key>
			<string>0</string>
		</dict>
		<key>894813821CE5B10B0042CF0F</key>
		<dict>
			<key>buildActionMask</key>
			<string>2147483647</string>
			<key>files</key>
			<array/>
			<key>isa</key>
			<string>PBXFrameworksBuildPhase</string>
			<key>runOnlyForDeploymentPostprocessing</key>
			<string>0</string>
		</dict>
		<key>894813831CE5B10B0042CF0F</key>
		<dict>
			<key>buildActionMask</key>
			<string>2147483647</string>
			<key>files</key>
			<array/>
			<key>isa</key>
			<string>PBXResourcesBuildPhase</string>
			<key>runOnlyForDeploymentPostprocessing</key>
			<string>0</string>
		</dict>
		<key>894813841CE5B10B0042CF0F</key>
		<dict>
			<key>buildConfigurationList</key>
			<string>8948139C1CE5B10B0042CF0F</string>
			<key>buildPhases</key>
			<array>
				<string>894813811CE5B10B0042CF0F</string>
				<string>894813821CE5B10B0042CF0F</string>
				<string>894813831CE5B10B0042CF0F</string>
			</array>
			<key>buildRules</key>
			<array/>
			<key>dependencies</key>
			<array>
				<string>894813871CE5B10B0042CF0F</string>
			</array>
			<key>isa</key>
			<string>PBXNativeTarget</string>
			<key>name</key>
			<string>Runtime_ReplaceSystemMethodTests</string>
			<key>productName</key>
			<string>Runtime_ReplaceSystemMethodTests</string>
			<key>productReference</key>
			<string>894813851CE5B10B0042CF0F</string>
			<key>productType</key>
			<string>com.apple.product-type.bundle.unit-test</string>
		</dict>
		<key>894813851CE5B10B0042CF0F</key>
		<dict>
			<key>explicitFileType</key>
			<string>wrapper.cfbundle</string>
			<key>includeInIndex</key>
			<string>0</string>
			<key>isa</key>
			<string>PBXFileReference</string>
			<key>path</key>
			<string>Runtime_ReplaceSystemMethodTests.xctest</string>
			<key>sourceTree</key>
			<string>BUILT_PRODUCTS_DIR</string>
		</dict>
		<key>894813861CE5B10B0042CF0F</key>
		<dict>
			<key>containerPortal</key>
			<string>894813641CE5B10A0042CF0F</string>
			<key>isa</key>
			<string>PBXContainerItemProxy</string>
			<key>proxyType</key>
			<string>1</string>
			<key>remoteGlobalIDString</key>
			<string>8948136B1CE5B10B0042CF0F</string>
			<key>remoteInfo</key>
			<string>Runtime_ReplaceSystemMethod</string>
		</dict>
		<key>894813871CE5B10B0042CF0F</key>
		<dict>
			<key>isa</key>
			<string>PBXTargetDependency</string>
			<key>target</key>
			<string>8948136B1CE5B10B0042CF0F</string>
			<key>targetProxy</key>
			<string>894813861CE5B10B0042CF0F</string>
		</dict>
		<key>894813881CE5B10B0042CF0F</key>
		<dict>
			<key>children</key>
			<array>
				<string>8948138B1CE5B10B0042CF0F</string>
				<string>894813891CE5B10B0042CF0F</string>
			</array>
			<key>isa</key>
			<string>PBXGroup</string>
			<key>path</key>
			<string>Runtime_ReplaceSystemMethodTests</string>
			<key>sourceTree</key>
			<string>&lt;group&gt;</string>
		</dict>
		<key>894813891CE5B10B0042CF0F</key>
		<dict>
			<key>isa</key>
			<string>PBXFileReference</string>
			<key>lastKnownFileType</key>
			<string>sourcecode.c.objc</string>
			<key>path</key>
			<string>Runtime_ReplaceSystemMethodTests.m</string>
			<key>sourceTree</key>
			<string>&lt;group&gt;</string>
		</dict>
		<key>8948138A1CE5B10B0042CF0F</key>
		<dict>
			<key>fileRef</key>
			<string>894813891CE5B10B0042CF0F</string>
			<key>isa</key>
			<string>PBXBuildFile</string>
		</dict>
		<key>8948138B1CE5B10B0042CF0F</key>
		<dict>
			<key>isa</key>
			<string>PBXFileReference</string>
			<key>lastKnownFileType</key>
			<string>text.plist.xml</string>
			<key>path</key>
			<string>Info.plist</string>
			<key>sourceTree</key>
			<string>&lt;group&gt;</string>
		</dict>
		<key>8948138C1CE5B10B0042CF0F</key>
		<dict>
			<key>buildActionMask</key>
			<string>2147483647</string>
			<key>files</key>
			<array>
				<string>894813951CE5B10B0042CF0F</string>
			</array>
			<key>isa</key>
			<string>PBXSourcesBuildPhase</string>
			<key>runOnlyForDeploymentPostprocessing</key>
			<string>0</string>
		</dict>
		<key>8948138D1CE5B10B0042CF0F</key>
		<dict>
			<key>buildActionMask</key>
			<string>2147483647</string>
			<key>files</key>
			<array/>
			<key>isa</key>
			<string>PBXFrameworksBuildPhase</string>
			<key>runOnlyForDeploymentPostprocessing</key>
			<string>0</string>
		</dict>
		<key>8948138E1CE5B10B0042CF0F</key>
		<dict>
			<key>buildActionMask</key>
			<string>2147483647</string>
			<key>files</key>
			<array/>
			<key>isa</key>
			<string>PBXResourcesBuildPhase</string>
			<key>runOnlyForDeploymentPostprocessing</key>
			<string>0</string>
		</dict>
		<key>8948138F1CE5B10B0042CF0F</key>
		<dict>
			<key>buildConfigurationList</key>
			<string>8948139F1CE5B10B0042CF0F</string>
			<key>buildPhases</key>
			<array>
				<string>8948138C1CE5B10B0042CF0F</string>
				<string>8948138D1CE5B10B0042CF0F</string>
				<string>8948138E1CE5B10B0042CF0F</string>
			</array>
			<key>buildRules</key>
			<array/>
			<key>dependencies</key>
			<array>
				<string>894813921CE5B10B0042CF0F</string>
			</array>
			<key>isa</key>
			<string>PBXNativeTarget</string>
			<key>name</key>
			<string>Runtime_ReplaceSystemMethodUITests</string>
			<key>productName</key>
			<string>Runtime_ReplaceSystemMethodUITests</string>
			<key>productReference</key>
			<string>894813901CE5B10B0042CF0F</string>
			<key>productType</key>
			<string>com.apple.product-type.bundle.ui-testing</string>
		</dict>
		<key>894813901CE5B10B0042CF0F</key>
		<dict>
			<key>explicitFileType</key>
			<string>wrapper.cfbundle</string>
			<key>includeInIndex</key>
			<string>0</string>
			<key>isa</key>
			<string>PBXFileReference</string>
			<key>path</key>
			<string>Runtime_ReplaceSystemMethodUITests.xctest</string>
			<key>sourceTree</key>
			<string>BUILT_PRODUCTS_DIR</string>
		</dict>
		<key>894813911CE5B10B0042CF0F</key>
		<dict>
			<key>containerPortal</key>
			<string>894813641CE5B10A0042CF0F</string>
			<key>isa</key>
			<string>PBXContainerItemProxy</string>
			<key>proxyType</key>
			<string>1</string>
			<key>remoteGlobalIDString</key>
			<string>8948136B1CE5B10B0042CF0F</string>
			<key>remoteInfo</key>
			<string>Runtime_ReplaceSystemMethod</string>
		</dict>
		<key>894813921CE5B10B0042CF0F</key>
		<dict>
			<key>isa</key>
			<string>PBXTargetDependency</string>
			<key>target</key>
			<string>8948136B1CE5B10B0042CF0F</string>
			<key>targetProxy</key>
			<string>894813911CE5B10B0042CF0F</string>
		</dict>
		<key>894813931CE5B10B0042CF0F</key>
		<dict>
			<key>children</key>
			<array>
				<string>894813961CE5B10B0042CF0F</string>
				<string>894813941CE5B10B0042CF0F</string>
			</array>
			<key>isa</key>
			<string>PBXGroup</string>
			<key>path</key>
			<string>Runtime_ReplaceSystemMethodUITests</string>
			<key>sourceTree</key>
			<string>&lt;group&gt;</string>
		</dict>
		<key>894813941CE5B10B0042CF0F</key>
		<dict>
			<key>isa</key>
			<string>PBXFileReference</string>
			<key>lastKnownFileType</key>
			<string>sourcecode.c.objc</string>
			<key>path</key>
			<string>Runtime_ReplaceSystemMethodUITests.m</string>
			<key>sourceTree</key>
			<string>&lt;group&gt;</string>
		</dict>
		<key>894813951CE5B10B0042CF0F</key>
		<dict>
			<key>fileRef</key>
			<string>894813941CE5B10B0042CF0F</string>
			<key>isa</key>
			<string>PBXBuildFile</string>
		</dict>
		<key>894813961CE5B10B0042CF0F</key>
		<dict>
			<key>isa</key>
			<string>PBXFileReference</string>
			<key>lastKnownFileType</key>
			<string>text.plist.xml</string>
			<key>path</key>
			<string>Info.plist</string>
			<key>sourceTree</key>
			<string>&lt;group&gt;</string>
		</dict>
		<key>894813971CE5B10B0042CF0F</key>
		<dict>
			<key>buildSettings</key>
			<dict>
				<key>ALWAYS_SEARCH_USER_PATHS</key>
				<string>NO</string>
				<key>CLANG_ANALYZER_NONNULL</key>
				<string>YES</string>
				<key>CLANG_CXX_LANGUAGE_STANDARD</key>
				<string>gnu++0x</string>
				<key>CLANG_CXX_LIBRARY</key>
				<string>libc++</string>
				<key>CLANG_ENABLE_MODULES</key>
				<string>YES</string>
				<key>CLANG_ENABLE_OBJC_ARC</key>
				<string>YES</string>
				<key>CLANG_WARN_BOOL_CONVERSION</key>
				<string>YES</string>
				<key>CLANG_WARN_CONSTANT_CONVERSION</key>
				<string>YES</string>
				<key>CLANG_WARN_DIRECT_OBJC_ISA_USAGE</key>
				<string>YES_ERROR</string>
				<key>CLANG_WARN_EMPTY_BODY</key>
				<string>YES</string>
				<key>CLANG_WARN_ENUM_CONVERSION</key>
				<string>YES</string>
				<key>CLANG_WARN_INT_CONVERSION</key>
				<string>YES</string>
				<key>CLANG_WARN_OBJC_ROOT_CLASS</key>
				<string>YES_ERROR</string>
				<key>CLANG_WARN_UNREACHABLE_CODE</key>
				<string>YES</string>
				<key>CLANG_WARN__DUPLICATE_METHOD_MATCH</key>
				<string>YES</string>
				<key>CODE_SIGN_IDENTITY[sdk=iphoneos*]</key>
				<string>iPhone Developer</string>
				<key>COPY_PHASE_STRIP</key>
				<string>NO</string>
				<key>DEBUG_INFORMATION_FORMAT</key>
				<string>dwarf</string>
				<key>ENABLE_STRICT_OBJC_MSGSEND</key>
				<string>YES</string>
				<key>ENABLE_TESTABILITY</key>
				<string>YES</string>
				<key>GCC_C_LANGUAGE_STANDARD</key>
				<string>gnu99</string>
				<key>GCC_DYNAMIC_NO_PIC</key>
				<string>NO</string>
				<key>GCC_NO_COMMON_BLOCKS</key>
				<string>YES</string>
				<key>GCC_OPTIMIZATION_LEVEL</key>
				<string>0</string>
				<key>GCC_PREPROCESSOR_DEFINITIONS</key>
				<array>
					<string>DEBUG=1</string>
					<string>$(inherited)</string>
				</array>
				<key>GCC_WARN_64_TO_32_BIT_CONVERSION</key>
				<string>YES</string>
				<key>GCC_WARN_ABOUT_RETURN_TYPE</key>
				<string>YES_ERROR</string>
				<key>GCC_WARN_UNDECLARED_SELECTOR</key>
				<string>YES</string>
				<key>GCC_WARN_UNINITIALIZED_AUTOS</key>
				<string>YES_AGGRESSIVE</string>
				<key>GCC_WARN_UNUSED_FUNCTION</key>
				<string>YES</string>
				<key>GCC_WARN_UNUSED_VARIABLE</key>
				<string>YES</string>
				<key>IPHONEOS_DEPLOYMENT_TARGET</key>
				<string>9.3</string>
				<key>MTL_ENABLE_DEBUG_INFO</key>
				<string>YES</string>
				<key>ONLY_ACTIVE_ARCH</key>
				<string>YES</string>
				<key>SDKROOT</key>
				<string>iphoneos</string>
				<key>TARGETED_DEVICE_FAMILY</key>
				<string>1,2</string>
			</dict>
			<key>isa</key>
			<string>XCBuildConfiguration</string>
			<key>name</key>
			<string>Debug</string>
		</dict>
		<key>894813981CE5B10B0042CF0F</key>
		<dict>
			<key>buildSettings</key>
			<dict>
				<key>ALWAYS_SEARCH_USER_PATHS</key>
				<string>NO</string>
				<key>CLANG_ANALYZER_NONNULL</key>
				<string>YES</string>
				<key>CLANG_CXX_LANGUAGE_STANDARD</key>
				<string>gnu++0x</string>
				<key>CLANG_CXX_LIBRARY</key>
				<string>libc++</string>
				<key>CLANG_ENABLE_MODULES</key>
				<string>YES</string>
				<key>CLANG_ENABLE_OBJC_ARC</key>
				<string>YES</string>
				<key>CLANG_WARN_BOOL_CONVERSION</key>
				<string>YES</string>
				<key>CLANG_WARN_CONSTANT_CONVERSION</key>
				<string>YES</string>
				<key>CLANG_WARN_DIRECT_OBJC_ISA_USAGE</key>
				<string>YES_ERROR</string>
				<key>CLANG_WARN_EMPTY_BODY</key>
				<string>YES</string>
				<key>CLANG_WARN_ENUM_CONVERSION</key>
				<string>YES</string>
				<key>CLANG_WARN_INT_CONVERSION</key>
				<string>YES</string>
				<key>CLANG_WARN_OBJC_ROOT_CLASS</key>
				<string>YES_ERROR</string>
				<key>CLANG_WARN_UNREACHABLE_CODE</key>
				<string>YES</string>
				<key>CLANG_WARN__DUPLICATE_METHOD_MATCH</key>
				<string>YES</string>
				<key>CODE_SIGN_IDENTITY[sdk=iphoneos*]</key>
				<string>iPhone Developer</string>
				<key>COPY_PHASE_STRIP</key>
				<string>NO</string>
				<key>DEBUG_INFORMATION_FORMAT</key>
				<string>dwarf-with-dsym</string>
				<key>ENABLE_NS_ASSERTIONS</key>
				<string>NO</string>
				<key>ENABLE_STRICT_OBJC_MSGSEND</key>
				<string>YES</string>
				<key>GCC_C_LANGUAGE_STANDARD</key>
				<string>gnu99</string>
				<key>GCC_NO_COMMON_BLOCKS</key>
				<string>YES</string>
				<key>GCC_WARN_64_TO_32_BIT_CONVERSION</key>
				<string>YES</string>
				<key>GCC_WARN_ABOUT_RETURN_TYPE</key>
				<string>YES_ERROR</string>
				<key>GCC_WARN_UNDECLARED_SELECTOR</key>
				<string>YES</string>
				<key>GCC_WARN_UNINITIALIZED_AUTOS</key>
				<string>YES_AGGRESSIVE</string>
				<key>GCC_WARN_UNUSED_FUNCTION</key>
				<string>YES</string>
				<key>GCC_WARN_UNUSED_VARIABLE</key>
				<string>YES</string>
				<key>IPHONEOS_DEPLOYMENT_TARGET</key>
				<string>9.3</string>
				<key>MTL_ENABLE_DEBUG_INFO</key>
				<string>NO</string>
				<key>SDKROOT</key>
				<string>iphoneos</string>
				<key>TARGETED_DEVICE_FAMILY</key>
				<string>1,2</string>
				<key>VALIDATE_PRODUCT</key>
				<string>YES</string>
			</dict>
			<key>isa</key>
			<string>XCBuildConfiguration</string>
			<key>name</key>
			<string>Release</string>
		</dict>
		<key>894813991CE5B10B0042CF0F</key>
		<dict>
			<key>buildConfigurations</key>
			<array>
				<string>8948139A1CE5B10B0042CF0F</string>
				<string>8948139B1CE5B10B0042CF0F</string>
			</array>
			<key>defaultConfigurationIsVisible</key>
			<string>0</string>
			<key>isa</key>
			<string>XCConfigurationList</string>
		</dict>
		<key>8948139A1CE5B10B0042CF0F</key>
		<dict>
			<key>buildSettings</key>
			<dict>
				<key>ASSETCATALOG_COMPILER_APPICON_NAME</key>
				<string>AppIcon</string>
				<key>INFOPLIST_FILE</key>
				<string>Runtime_ReplaceSystemMethod/Info.plist</string>
				<key>IPHONEOS_DEPLOYMENT_TARGET</key>
				<string>9.1</string>
				<key>LD_RUNPATH_SEARCH_PATHS</key>
				<string>$(inherited) @executable_path/Frameworks</string>
				<key>PRODUCT_BUNDLE_IDENTIFIER</key>
				<string>com.zyht.Runtime-ReplaceSystemMethod</string>
				<key>PRODUCT_NAME</key>
				<string>$(TARGET_NAME)</string>
			</dict>
			<key>isa</key>
			<string>XCBuildConfiguration</string>
			<key>name</key>
			<string>Debug</string>
		</dict>
		<key>8948139B1CE5B10B0042CF0F</key>
		<dict>
			<key>buildSettings</key>
			<dict>
				<key>ASSETCATALOG_COMPILER_APPICON_NAME</key>
				<string>AppIcon</string>
				<key>INFOPLIST_FILE</key>
				<string>Runtime_ReplaceSystemMethod/Info.plist</string>
				<key>IPHONEOS_DEPLOYMENT_TARGET</key>
				<string>9.1</string>
				<key>LD_RUNPATH_SEARCH_PATHS</key>
				<string>$(inherited) @executable_path/Frameworks</string>
				<key>PRODUCT_BUNDLE_IDENTIFIER</key>
				<string>com.zyht.Runtime-ReplaceSystemMethod</string>
				<key>PRODUCT_NAME</key>
				<string>$(TARGET_NAME)</string>
			</dict>
			<key>isa</key>
			<string>XCBuildConfiguration</string>
			<key>name</key>
			<string>Release</string>
		</dict>
		<key>8948139C1CE5B10B0042CF0F</key>
		<dict>
			<key>buildConfigurations</key>
			<array>
				<string>8948139D1CE5B10B0042CF0F</string>
				<string>8948139E1CE5B10B0042CF0F</string>
			</array>
			<key>defaultConfigurationIsVisible</key>
			<string>0</string>
			<key>isa</key>
			<string>XCConfigurationList</string>
		</dict>
		<key>8948139D1CE5B10B0042CF0F</key>
		<dict>
			<key>buildSettings</key>
			<dict>
				<key>BUNDLE_LOADER</key>
				<string>$(TEST_HOST)</string>
				<key>INFOPLIST_FILE</key>
				<string>Runtime_ReplaceSystemMethodTests/Info.plist</string>
				<key>LD_RUNPATH_SEARCH_PATHS</key>
				<string>$(inherited) @executable_path/Frameworks @loader_path/Frameworks</string>
				<key>PRODUCT_BUNDLE_IDENTIFIER</key>
				<string>com.zyht.Runtime-ReplaceSystemMethodTests</string>
				<key>PRODUCT_NAME</key>
				<string>$(TARGET_NAME)</string>
				<key>TEST_HOST</key>
				<string>$(BUILT_PRODUCTS_DIR)/Runtime_ReplaceSystemMethod.app/Runtime_ReplaceSystemMethod</string>
			</dict>
			<key>isa</key>
			<string>XCBuildConfiguration</string>
			<key>name</key>
			<string>Debug</string>
		</dict>
		<key>8948139E1CE5B10B0042CF0F</key>
		<dict>
			<key>buildSettings</key>
			<dict>
				<key>BUNDLE_LOADER</key>
				<string>$(TEST_HOST)</string>
				<key>INFOPLIST_FILE</key>
				<string>Runtime_ReplaceSystemMethodTests/Info.plist</string>
				<key>LD_RUNPATH_SEARCH_PATHS</key>
				<string>$(inherited) @executable_path/Frameworks @loader_path/Frameworks</string>
				<key>PRODUCT_BUNDLE_IDENTIFIER</key>
				<string>com.zyht.Runtime-ReplaceSystemMethodTests</string>
				<key>PRODUCT_NAME</key>
				<string>$(TARGET_NAME)</string>
				<key>TEST_HOST</key>
				<string>$(BUILT_PRODUCTS_DIR)/Runtime_ReplaceSystemMethod.app/Runtime_ReplaceSystemMethod</string>
			</dict>
			<key>isa</key>
			<string>XCBuildConfiguration</string>
			<key>name</key>
			<string>Release</string>
		</dict>
		<key>8948139F1CE5B10B0042CF0F</key>
		<dict>
			<key>buildConfigurations</key>
			<array>
				<string>894813A01CE5B10B0042CF0F</string>
				<string>894813A11CE5B10B0042CF0F</string>
			</array>
			<key>defaultConfigurationIsVisible</key>
			<string>0</string>
			<key>isa</key>
			<string>XCConfigurationList</string>
		</dict>
		<key>894813A01CE5B10B0042CF0F</key>
		<dict>
			<key>buildSettings</key>
			<dict>
				<key>INFOPLIST_FILE</key>
				<string>Runtime_ReplaceSystemMethodUITests/Info.plist</string>
				<key>LD_RUNPATH_SEARCH_PATHS</key>
				<string>$(inherited) @executable_path/Frameworks @loader_path/Frameworks</string>
				<key>PRODUCT_BUNDLE_IDENTIFIER</key>
				<string>com.zyht.Runtime-ReplaceSystemMethodUITests</string>
				<key>PRODUCT_NAME</key>
				<string>$(TARGET_NAME)</string>
				<key>TEST_TARGET_NAME</key>
				<string>Runtime_ReplaceSystemMethod</string>
			</dict>
			<key>isa</key>
			<string>XCBuildConfiguration</string>
			<key>name</key>
			<string>Debug</string>
		</dict>
		<key>894813A11CE5B10B0042CF0F</key>
		<dict>
			<key>buildSettings</key>
			<dict>
				<key>INFOPLIST_FILE</key>
				<string>Runtime_ReplaceSystemMethodUITests/Info.plist</string>
				<key>LD_RUNPATH_SEARCH_PATHS</key>
				<string>$(inherited) @executable_path/Frameworks @loader_path/Frameworks</string>
				<key>PRODUCT_BUNDLE_IDENTIFIER</key>
				<string>com.zyht.Runtime-ReplaceSystemMethodUITests</string>
				<key>PRODUCT_NAME</key>
				<string>$(TARGET_NAME)</string>
				<key>TEST_TARGET_NAME</key>
				<string>Runtime_ReplaceSystemMethod</string>
			</dict>
			<key>isa</key>
			<string>XCBuildConfiguration</string>
			<key>name</key>
			<string>Release</string>
		</dict>
		<key>894813A21CE5B1730042CF0F</key>
		<dict>
			<key>children</key>
			<array>
				<string>894813A41CE5B1A70042CF0F</string>
				<string>894813A31CE5B1A70042CF0F</string>
			</array>
			<key>isa</key>
			<string>PBXGroup</string>
			<key>name</key>
			<string>Sources</string>
			<key>path</key>
			<string>Sources</string>
			<key>sourceTree</key>
			<string>&lt;group&gt;</string>
		</dict>
		<key>894813A31CE5B1A70042CF0F</key>
		<dict>
			<key>isa</key>
			<string>PBXFileReference</string>
			<key>lastKnownFileType</key>
			<string>image.png</string>
			<key>path</key>
			<string>test2_ios7.png</string>
			<key>sourceTree</key>
			<string>&lt;group&gt;</string>
		</dict>
		<key>894813A41CE5B1A70042CF0F</key>
		<dict>
			<key>isa</key>
			<string>PBXFileReference</string>
			<key>lastKnownFileType</key>
			<string>image.png</string>
			<key>path</key>
			<string>test2.png</string>
			<key>sourceTree</key>
			<string>&lt;group&gt;</string>
		</dict>
		<key>894813A51CE5B1A70042CF0F</key>
		<dict>
			<key>fileRef</key>
			<string>894813A31CE5B1A70042CF0F</string>
			<key>isa</key>
			<string>PBXBuildFile</string>
		</dict>
		<key>894813A61CE5B1A70042CF0F</key>
		<dict>
			<key>fileRef</key>
			<string>894813A41CE5B1A70042CF0F</string>
			<key>isa</key>
			<string>PBXBuildFile</string>
		</dict>
		<key>894813A71CE5B1E30042CF0F</key>
		<dict>
			<key>children</key>
			<array>
				<string>894813A81CE5B1F50042CF0F</string>
				<string>894813A91CE5B1F50042CF0F</string>
			</array>
			<key>isa</key>
			<string>PBXGroup</string>
			<key>name</key>
			<string>Category</string>
			<key>path</key>
			<string>Category</string>
			<key>sourceTree</key>
			<string>&lt;group&gt;</string>
		</dict>
		<key>894813A81CE5B1F50042CF0F</key>
		<dict>
			<key>fileEncoding</key>
			<string>4</string>
			<key>isa</key>
			<string>PBXFileReference</string>
			<key>lastKnownFileType</key>
			<string>sourcecode.c.h</string>
			<key>path</key>
			<string>UIImage+runtimeChage.h</string>
			<key>sourceTree</key>
			<string>&lt;group&gt;</string>
		</dict>
		<key>894813A91CE5B1F50042CF0F</key>
		<dict>
			<key>fileEncoding</key>
			<string>4</string>
			<key>isa</key>
			<string>PBXFileReference</string>
			<key>lastKnownFileType</key>
			<string>sourcecode.c.objc</string>
			<key>path</key>
			<string>UIImage+runtimeChage.m</string>
			<key>sourceTree</key>
			<string>&lt;group&gt;</string>
		</dict>
		<key>894813AA1CE5B1F50042CF0F</key>
		<dict>
			<key>fileRef</key>
			<string>894813A91CE5B1F50042CF0F</string>
			<key>isa</key>
			<string>PBXBuildFile</string>
		</dict>
	</dict>
	<key>rootObject</key>
	<string>894813641CE5B10A0042CF0F</string>
</dict>
</plist>
